
Microsoft Visual Studio Solution File, Format Version 12.00
# Visual Studio 15
VisualStudioVersion = 15.0.26730.16
MinimumVisualStudioVersion = 10.0.40219.1
Project("{FAE04EC0-301F-11D3-BF4B-00C04F79EFBC}") = "GolfApp", "GolfApp\GolfApp.csproj", "{C7A1F3E2-F867-4A85-AA44-C5114012CA9B}"
EndProject
Global
	GlobalSection(SolutionConfigurationPlatforms) = preSolution
		Debug|Any CPU = Debug|Any CPU
		Release|Any CPU = Release|Any CPU
	EndGlobalSection
	GlobalSection(ProjectConfigurationPlatforms) = postSolution
		{C7A1F3E2-F867-4A85-AA44-C5114012CA9B}.Debug|Any CPU.ActiveCfg = Debug|Any CPU
		{C7A1F3E2-F867-4A85-AA44-C5114012CA9B}.Debug|Any CPU.Build.0 = Debug|Any CPU
		{C7A1F3E2-F867-4A85-AA44-C5114012CA9B}.Release|Any CPU.ActiveCfg = Release|Any CPU
		{C7A1F3E2-F867-4A85-AA44-C5114012CA9B}.Release|Any CPU.Build.0 = Release|Any CPU
	EndGlobalSection
	GlobalSection(SolutionProperties) = preSolution
		HideSolutionNode = FALSE
	EndGlobalSection
	GlobalSection(ExtensibilityGlobals) = postSolution
		SolutionGuid = {D9F3F1F7-6445-40CD-AA66-10E7BA173D4D}
	EndGlobalSection
EndGlobal
